{
    "_meta": {
        "hash": {
            "sha256": "6b69f35f3ace5844d27acaa86152f5c53da1b9e6a59ae683b2ae912a9d35e849"
        },
        "pipfile-spec": 6,
        "requires": {
            "python_version": "3.8"
        },
        "sources": [
            {
                "name": "pypi",
                "url": "https://pypi.tuna.tsinghua.edu.cn/simple",
                "verify_ssl": true
            }
        ]
    },
    "default": {
        "aiofiles": {
            "hashes": [
                "sha256:a1c4fc9b2ff81568c83e21392a82f344ea9d23da906e4f6a52662764545e19d4",
                "sha256:c67a6823b5f23fcab0a2595a289cec7d8c863ffcb4322fb8cd6b90400aedfdbc"
            ],
            "markers": "python_version >= '3.6' and python_version < '4.0'",
            "version": "==0.7.0"
        },
        "aiosqlite": {
            "hashes": [
                "sha256:6c49dc6d3405929b1d08eeccc72306d3677503cc5e5e43771efc1e00232e8231",
                "sha256:f0e6acc24bc4864149267ac82fb46dfb3be4455f99fe21df82609cc6e6baee51"
            ],
            "markers": "python_version >= '3.6'",
            "version": "==0.17.0"
        },
        "aniso8601": {
            "hashes": [
                "sha256:1d2b7ef82963909e93c4f24ce48d4de9e66009a21bf1c1e1c85bdd0812fe412f",
                "sha256:72e3117667eedf66951bb2d93f4296a56b94b078a8a95905a052611fb3f1b973"
            ],
            "version": "==9.0.1"
        },
        "argon2-cffi": {
            "hashes": [
                "sha256:f710b61103d1a1f692ca3ecbd1373e28aa5e545ac625ba067ff2feca1b2bb870",
                "sha256:fa7e7d1fc22514a32b1761fdfa1882b6baa5c36bb3ef557bdd69e6fc9ba14a41"
            ],
            "index": "pypi",
            "version": "==21.1.0"
        },
        "asyncpg": {
            "hashes": [
                "sha256:dd2fa063c3344823487d9ddccb40802f02622ddf8bf8a6cc53885ee7a2c1c0c6",
                "sha256:eed43abc6ccf1dc02e0d0efc06ce46a411362f3358847c6b0ec9a43426f91ece"
            ],
            "index": "pypi",
            "version": "==0.24.0"
        },
        "cffi": {
            "hashes": [
                "sha256:57e9ac9ccc3101fac9d6014fba037473e4358ef4e89f8e181f8951a2c0162024",
                "sha256:920f0d66a896c2d99f0adbb391f990a84091179542c205fa53ce5787aff87954"
            ],
            "version": "==1.15.0"
        },
        "fastjson": {
            "hashes": [
                "sha256:e88dfb6932877e0b70ed98b49a094df32098535c3632dd13b11e5ac66edbbe83"
            ],
            "index": "pypi",
            "version": "==1.1.0"
        },
        "graphene": {
            "hashes": [
                "sha256:57ce5ee7c9dc194224a1df96e4f7cb48d31eae96c791091d059f8f3d4d131390",
                "sha256:af48066e152200a071aac1e0b703954c717ec7268720ba190a0c91d9bcb0a122"
            ],
            "index": "pypi",
            "version": "==3.0"
        },
        "graphql-core": {
            "hashes": [
                "sha256:c78d09596d347e1cffd266c5384abfedf43ed1eae08729773bebb3d527fe5a14",
                "sha256:e65975b6a13878f9113a1fa5320760585b522d139944e005936b1b8358d0651a"
            ],
            "markers": "python_version >= '3.6' and python_version < '4.0'",
            "version": "==3.1.6"
        },
        "graphql-relay": {
            "hashes": [
                "sha256:2cda0ac0199dd56c28ca4f6e0381cdcf5787809c06d1507df3c2a738f9ad846f",
                "sha256:70d5a7ee5995ea7c2a9a37e51227663b1a464f1f40e98fdde950be5415dfe0b4"
            ],
            "markers": "python_version >= '3.6' and python_version < '4.0'",
            "version": "==3.1.0"
        },
        "graphql-server-core": {
            "hashes": [
                "sha256:e5f82add4b3d5580aa1f1e7d9f00e944ad3abe1b65eb337e611d6a77cc20f231"
            ],
            "version": "==1.1.1"
        },
        "httptools": {
            "hashes": [
                "sha256:3f9b4856d46ba1f0c850f4e84b264a9a8b4460acb20e865ec00978ad9fbaa4cf",
                "sha256:47dba2345aaa01b87e4981e8756af441349340708d5b60712c98c55a4d28f4af"
            ],
            "markers": "python_version >= '3.5'",
            "version": "==0.3.0"
        },
        "iso8601": {
            "hashes": [
                "sha256:36532f77cc800594e8f16641edae7f1baf7932f05d8e508545b95fc53c6dc85b",
                "sha256:906714829fedbc89955d52806c903f2332e3948ed94e31e85037f9e0226b8376"
            ],
            "version": "==0.1.16"
        },
        "loguru": {
            "hashes": [
                "sha256:b28e72ac7a98be3d28ad28570299a393dfcd32e5e3f6a353dec94675767b6319",
                "sha256:f8087ac396b5ee5f67c963b495d615ebbceac2796379599820e324419d53667c"
            ],
            "index": "pypi",
            "version": "==0.5.3"
        },
        "multidict": {
            "hashes": [
                "sha256:0dd1c93edb444b33ba2274b66f63def8a327d607c6c790772f448a53b6ea59ce",
                "sha256:78c106b2b506b4d895ddc801ff509f941119394b89c9115580014127414e6c2d"
            ],
            "markers": "python_version >= '3.6'",
            "version": "==5.2.0"
        },
        "promise": {
            "hashes": [
                "sha256:dfd18337c523ba4b6a58801c164c1904a9d4d1b1747c7d5dbf45b693a49d93d0"
            ],
            "version": "==2.3"
        },
        "pycparser": {
            "hashes": [
                "sha256:8ee45429555515e1f6b185e78100aea234072576aa43ab53aefcae078162fca9",
                "sha256:e644fdec12f7872f86c58ff790da456218b10f863970249516d60a5eaca77206"
            ],
            "version": "==2.21"
        },
        "pypika-tortoise": {
            "hashes": [
                "sha256:6831d0a56e5e0ecefac3307dd9bdb3e5073fdac5d617401601d3a6713e059f3c",
                "sha256:860020094e01058ea80602c90d4a843d0a42cffefcf4f3cb1a7f2c18b880c638"
            ],
            "markers": "python_version >= '3.7' and python_version < '4.0'",
            "version": "==0.1.1"
        },
        "pytest-runner": {
            "hashes": [
                "sha256:0fce5b8dc68760f353979d99fdd6b3ad46330b6b1837e2077a89ebcf204aac91",
                "sha256:85f93af814438ee322b4ea08fe3f5c2ad53b253577f3bd84b2ad451fee450ac5"
            ],
            "markers": "python_version >= '3.6'",
            "version": "==5.3.1"
        },
        "pytz": {
            "hashes": [
                "sha256:3672058bc3453457b622aab7a1c3bfd5ab0bdae451512f6cf25f64ed37f5b87c",
                "sha256:acad2d8b20a1af07d4e4c9d2e9285c5ed9104354062f275f3fcd88dcef4f1326"
            ],
            "version": "==2021.3"
        },
        "pyyaml": {
            "hashes": [
                "sha256:277a0ef2981ca40581a47093e9e2d13b3f1fbbeffae064c1d21bfceba2030287",
                "sha256:68fb519c14306fec9720a2a5b45bc9f0c8d1b9c72adf45c37baedfcd949c35a2"
            ],
            "index": "pypi",
            "version": "==6.0"
        },
        "sanic": {
            "hashes": [
                "sha256:7bdb553af2df95b4d07335ad4c545d810ce6c611fbc8e2f78c8afbc12f1739df",
                "sha256:fe4ce0c4296f657ced545066bcff21f8bc24c5d1faa2c08167729f00cd0b42ed"
            ],
            "index": "pypi",
            "version": "==21.9.1"
        },
        "sanic-graphql": {
            "hashes": [
                "sha256:6aab908e849bbbc5dc5ba01df7599769a03fc9693fb793654c6537f7aaec4e2d"
            ],
            "index": "pypi",
            "version": "==1.1.0"
        },
        "sanic-routing": {
            "hashes": [
                "sha256:139ce88b3f054e7aa336e2ecc8459837092b103b275d3a97609a34092c55374d",
                "sha256:523034ffd07aca056040e08de438269c9a880722eee1ace3a32e4f74b394d9aa"
            ],
            "version": "==0.7.2"
        },
        "six": {
            "hashes": [
                "sha256:1e61c37477a1626458e36f7b1d82aa5c9b094fa4802892072e49de9c60c4c926",
                "sha256:8abb2f1d86890a2dfb989f9a77cfcfd3e47c2a354b01111771326f8aa26e0254"
            ],
            "markers": "python_version >= '2.7' and python_version not in '3.0, 3.1, 3.2, 3.3'",
            "version": "==1.16.0"
        },
        "tortoise-orm": {
            "hashes": [
                "sha256:1f5020e9964d32a4d6ed685d466b5d7285de328a63ee92ee988c1e4baf8fefbf",
                "sha256:f18c41bb83be4748a6ca259ed7309ca954b35f5790971824bbc79a11d2b1ef3b"
            ],
            "index": "pypi",
            "version": "==0.17.8"
        },
        "typing-extensions": {
            "hashes": [
                "sha256:829704698b22e13ec9eaf959122315eabb370b0884400e9818334d8b677023d9"
            ],
            "markers": "python_version >= '3.6'",
            "version": "==4.0.0"
        },
        "ujson": {
            "hashes": [
                "sha256:78f8da27231b20d589319f743bd65011862691c102922be85c9f27e40656a0f7",
                "sha256:fffe509f556861c7343c6cba57ed05fe7bcf4b48a934a5b946ccb45428cf8883"
            ],
            "markers": "sys_platform != 'win32' and implementation_name == 'cpython'",
            "version": "==4.2.0"
        },
        "uvloop": {
            "hashes": [
                "sha256:647e481940379eebd314c00440314c81ea547aa636056f554d491e40503c8464",
                "sha256:f74bc20c7b67d1c27c72601c78cf95be99d5c2cdd4514502b4f3eb0933ff1228"
            ],
            "markers": "sys_platform != 'win32' and implementation_name == 'cpython'",
            "version": "==0.16.0"
        },
        "websockets": {
            "hashes": [
                "sha256:181d2b25de5a437b36aefedaf006ecb6fa3aa1328ec0236cdde15f32f9d3ff6d",
                "sha256:7bdd3d26315db0a9cf8a0af30ca95e0aa342eda9c1377b722e71ccd86bc5d1dd"
            ],
            "markers": "python_version >= '3.7'",
            "version": "==10.1"
        }
    },
    "develop": {
        "yapf": {
            "hashes": [
                "sha256:408fb9a2b254c302f49db83c59f9aa0b4b0fd0ec25be3a5c51181327922ff63d",
                "sha256:e3a234ba8455fe201eaa649cdac872d590089a18b661e39bbac7020978dd9c2e"
            ],
            "index": "pypi",
            "version": "==0.31.0"
        }
    }
}
